// !$*UTF8*$!
{
	archiveVersion = 1;
	classes = {
	};
	objectVersion = 46;
	objects = {

/* Begin PBXBuildFile section */
		1F0FB5F41E21AF60004EC2D1 /* main.m in Sources */ = {isa = PBXBuildFile; fileRef = 1F0FB5F31E21AF60004EC2D1 /* main.m */; };
		1F0FB5F71E21AF60004EC2D1 /* AppDelegate.m in Sources */ = {isa = PBXBuildFile; fileRef = 1F0FB5F61E21AF60004EC2D1 /* AppDelegate.m */; };
		1F0FB5FA1E21AF60004EC2D1 /* ViewController.m in Sources */ = {isa = PBXBuildFile; fileRef = 1F0FB5F91E21AF60004EC2D1 /* ViewController.m */; };
		1F0FB5FD1E21AF60004EC2D1 /* Main.storyboard in Resources */ = {isa = PBXBuildFile; fileRef = 1F0FB5FB1E21AF60004EC2D1 /* Main.storyboard */; };
		1F0FB5FF1E21AF60004EC2D1 /* Assets.xcassets in Resources */ = {isa = PBXBuildFile; fileRef = 1F0FB5FE1E21AF60004EC2D1 /* Assets.xcassets */; };
		1F0FB6021E21AF60004EC2D1 /* LaunchScreen.storyboard in Resources */ = {isa = PBXBuildFile; fileRef = 1F0FB6001E21AF60004EC2D1 /* LaunchScreen.storyboard */; };
		1F0FB60E1E21B224004EC2D1 /* Card.m in Sources */ = {isa = PBXBuildFile; fileRef = 1F0FB60D1E21B224004EC2D1 /* Card.m */; };
		1F0FB6191E21B2F2004EC2D1 /* Deck.m in Sources */ = {isa = PBXBuildFile; fileRef = 1F0FB6101E21B2F2004EC2D1 /* Deck.m */; };
		1F0FB61A1E21B2F2004EC2D1 /* Hand.m in Sources */ = {isa = PBXBuildFile; fileRef = 1F0FB6121E21B2F2004EC2D1 /* Hand.m */; };
		1F0FB61B1E21B2F2004EC2D1 /* PokerHand.m in Sources */ = {isa = PBXBuildFile; fileRef = 1F0FB6141E21B2F2004EC2D1 /* PokerHand.m */; };
		1F0FB61C1E21B2F2004EC2D1 /* TexasHoldemDealer.m in Sources */ = {isa = PBXBuildFile; fileRef = 1F0FB6161E21B2F2004EC2D1 /* TexasHoldemDealer.m */; };
		1F0FB61D1E21B2F2004EC2D1 /* TexasHoldemPlayer.m in Sources */ = {isa = PBXBuildFile; fileRef = 1F0FB6181E21B2F2004EC2D1 /* TexasHoldemPlayer.m */; };
		1F0FB6211E21B405004EC2D1 /* Chip.m in Sources */ = {isa = PBXBuildFile; fileRef = 1F0FB6201E21B405004EC2D1 /* Chip.m */; };
		1F0FB6241E21B6B5004EC2D1 /* BetPot.m in Sources */ = {isa = PBXBuildFile; fileRef = 1F0FB6231E21B6B5004EC2D1 /* BetPot.m */; };
		1F0FB6271E21C9EC004EC2D1 /* TheGame.m in Sources */ = {isa = PBXBuildFile; fileRef = 1F0FB6261E21C9EC004EC2D1 /* TheGame.m */; };
/* End PBXBuildFile section */

/* Begin PBXFileReference section */
		1F0FB5EF1E21AF60004EC2D1 /* OfflineGame.app */ = {isa = PBXFileReference; explicitFileType = wrapper.application; includeInIndex = 0; path = OfflineGame.app; sourceTree = BUILT_PRODUCTS_DIR; };
		1F0FB5F31E21AF60004EC2D1 /* main.m */ = {isa = PBXFileReference; lastKnownFileType = sourcecode.c.objc; path = main.m; sourceTree = "<group>"; };
		1F0FB5F51E21AF60004EC2D1 /* AppDelegate.h */ = {isa = PBXFileReference; lastKnownFileType = sourcecode.c.h; path = AppDelegate.h; sourceTree = "<group>"; };
		1F0FB5F61E21AF60004EC2D1 /* AppDelegate.m */ = {isa = PBXFileReference; lastKnownFileType = sourcecode.c.objc; path = AppDelegate.m; sourceTree = "<group>"; };
		1F0FB5F81E21AF60004EC2D1 /* ViewController.h */ = {isa = PBXFileReference; lastKnownFileType = sourcecode.c.h; path = ViewController.h; sourceTree = "<group>"; };
		1F0FB5F91E21AF60004EC2D1 /* ViewController.m */ = {isa = PBXFileReference; lastKnownFileType = sourcecode.c.objc; path = ViewController.m; sourceTree = "<group>"; };
		1F0FB5FC1E21AF60004EC2D1 /* Base */ = {isa = PBXFileReference; lastKnownFileType = file.storyboard; name = Base; path = Base.lproj/Main.storyboard; sourceTree = "<group>"; };
		1F0FB5FE1E21AF60004EC2D1 /* Assets.xcassets */ = {isa = PBXFileReference; lastKnownFileType = folder.assetcatalog; path = Assets.xcassets; sourceTree = "<group>"; };
		1F0FB6011E21AF60004EC2D1 /* Base */ = {isa = PBXFileReference; lastKnownFileType = file.storyboard; name = Base; path = Base.lproj/LaunchScreen.storyboard; sourceTree = "<group>"; };
		1F0FB6031E21AF60004EC2D1 /* Info.plist */ = {isa = PBXFileReference; lastKnownFileType = text.plist.xml; path = Info.plist; sourceTree = "<group>"; };
		1F0FB60C1E21B224004EC2D1 /* Card.h */ = {isa = PBXFileReference; fileEncoding = 4; lastKnownFileType = sourcecode.c.h; name = Card.h; path = Model/Card.h; sourceTree = "<group>"; };
		1F0FB60D1E21B224004EC2D1 /* Card.m */ = {isa = PBXFileReference; fileEncoding = 4; lastKnownFileType = sourcecode.c.objc; name = Card.m; path = Model/Card.m; sourceTree = "<group>"; };
		1F0FB60F1E21B2F2004EC2D1 /* Deck.h */ = {isa = PBXFileReference; fileEncoding = 4; lastKnownFileType = sourcecode.c.h; name = Deck.h; path = Model/Deck.h; sourceTree = "<group>"; };
		1F0FB6101E21B2F2004EC2D1 /* Deck.m */ = {isa = PBXFileReference; fileEncoding = 4; lastKnownFileType = sourcecode.c.objc; name = Deck.m; path = Model/Deck.m; sourceTree = "<group>"; };
		1F0FB6111E21B2F2004EC2D1 /* Hand.h */ = {isa = PBXFileReference; fileEncoding = 4; lastKnownFileType = sourcecode.c.h; name = Hand.h; path = Model/Hand.h; sourceTree = "<group>"; };
		1F0FB6121E21B2F2004EC2D1 /* Hand.m */ = {isa = PBXFileReference; fileEncoding = 4; lastKnownFileType = sourcecode.c.objc; name = Hand.m; path = Model/Hand.m; sourceTree = "<group>"; };
		1F0FB6131E21B2F2004EC2D1 /* PokerHand.h */ = {isa = PBXFileReference; fileEncoding = 4; lastKnownFileType = sourcecode.c.h; name = PokerHand.h; path = Model/PokerHand.h; sourceTree = "<group>"; };
		1F0FB6141E21B2F2004EC2D1 /* PokerHand.m */ = {isa = PBXFileReference; fileEncoding = 4; lastKnownFileType = sourcecode.c.objc; name = PokerHand.m; path = Model/PokerHand.m; sourceTree = "<group>"; };
		1F0FB6151E21B2F2004EC2D1 /* TexasHoldemDealer.h */ = {isa = PBXFileReference; fileEncoding = 4; lastKnownFileType = sourcecode.c.h; name = TexasHoldemDealer.h; path = Model/TexasHoldemDealer.h; sourceTree = "<group>"; };
		1F0FB6161E21B2F2004EC2D1 /* TexasHoldemDealer.m */ = {isa = PBXFileReference; fileEncoding = 4; lastKnownFileType = sourcecode.c.objc; name = TexasHoldemDealer.m; path = Model/TexasHoldemDealer.m; sourceTree = "<group>"; };
		1F0FB6171E21B2F2004EC2D1 /* TexasHoldemPlayer.h */ = {isa = PBXFileReference; fileEncoding = 4; lastKnownFileType = sourcecode.c.h; name = TexasHoldemPlayer.h; path = Model/TexasHoldemPlayer.h; sourceTree = "<group>"; };
		1F0FB6181E21B2F2004EC2D1 /* TexasHoldemPlayer.m */ = {isa = PBXFileReference; fileEncoding = 4; lastKnownFileType = sourcecode.c.objc; name = TexasHoldemPlayer.m; path = Model/TexasHoldemPlayer.m; sourceTree = "<group>"; };
		1F0FB61F1E21B405004EC2D1 /* Chip.h */ = {isa = PBXFileReference; fileEncoding = 4; lastKnownFileType = sourcecode.c.h; name = Chip.h; path = Model/Chip.h; sourceTree = "<group>"; };
		1F0FB6201E21B405004EC2D1 /* Chip.m */ = {isa = PBXFileReference; fileEncoding = 4; lastKnownFileType = sourcecode.c.objc; name = Chip.m; path = Model/Chip.m; sourceTree = "<group>"; };
		1F0FB6221E21B6B5004EC2D1 /* BetPot.h */ = {isa = PBXFileReference; fileEncoding = 4; lastKnownFileType = sourcecode.c.h; name = BetPot.h; path = Model/BetPot.h; sourceTree = "<group>"; };
		1F0FB6231E21B6B5004EC2D1 /* BetPot.m */ = {isa = PBXFileReference; fileEncoding = 4; lastKnownFileType = sourcecode.c.objc; name = BetPot.m; path = Model/BetPot.m; sourceTree = "<group>"; };
		1F0FB6251E21C9EC004EC2D1 /* TheGame.h */ = {isa = PBXFileReference; fileEncoding = 4; lastKnownFileType = sourcecode.c.h; path = TheGame.h; sourceTree = "<group>"; };
		1F0FB6261E21C9EC004EC2D1 /* TheGame.m */ = {isa = PBXFileReference; fileEncoding = 4; lastKnownFileType = sourcecode.c.objc; path = TheGame.m; sourceTree = "<group>"; };
/* End PBXFileReference section */

/* Begin PBXFrameworksBuildPhase section */
		1F0FB5EC1E21AF60004EC2D1 /* Frameworks */ = {
			isa = PBXFrameworksBuildPhase;
			buildActionMask = 2147483647;
			files = (
			);
			runOnlyForDeploymentPostprocessing = 0;
		};
/* End PBXFrameworksBuildPhase section */

/* Begin PBXGroup section */
		1F0FB5E61E21AF60004EC2D1 = {
			isa = PBXGroup;
			children = (
				1F0FB5F11E21AF60004EC2D1 /* OfflineGame */,
				1F0FB5F01E21AF60004EC2D1 /* Products */,
			);
			sourceTree = "<group>";
		};
		1F0FB5F01E21AF60004EC2D1 /* Products */ = {
			isa = PBXGroup;
			children = (
				1F0FB5EF1E21AF60004EC2D1 /* OfflineGame.app */,
			);
			name = Products;
			sourceTree = "<group>";
		};
		1F0FB5F11E21AF60004EC2D1 /* OfflineGame */ = {
			isa = PBXGroup;
			children = (
				1F0FB6251E21C9EC004EC2D1 /* TheGame.h */,
				1F0FB6261E21C9EC004EC2D1 /* TheGame.m */,
				1F0FB6091E21B04A004EC2D1 /* Model */,
				1F0FB5F51E21AF60004EC2D1 /* AppDelegate.h */,
				1F0FB5F61E21AF60004EC2D1 /* AppDelegate.m */,
				1F0FB5F81E21AF60004EC2D1 /* ViewController.h */,
				1F0FB5F91E21AF60004EC2D1 /* ViewController.m */,
				1F0FB5FB1E21AF60004EC2D1 /* Main.storyboard */,
				1F0FB5FE1E21AF60004EC2D1 /* Assets.xcassets */,
				1F0FB6001E21AF60004EC2D1 /* LaunchScreen.storyboard */,
				1F0FB6031E21AF60004EC2D1 /* Info.plist */,
				1F0FB5F21E21AF60004EC2D1 /* Supporting Files */,
			);
			path = OfflineGame;
			sourceTree = "<group>";
		};
		1F0FB5F21E21AF60004EC2D1 /* Supporting Files */ = {
			isa = PBXGroup;
			children = (
				1F0FB5F31E21AF60004EC2D1 /* main.m */,
			);
			name = "Supporting Files";
			sourceTree = "<group>";
		};
		1F0FB6091E21B04A004EC2D1 /* Model */ = {
			isa = PBXGroup;
			children = (
				1F0FB61E1E21B2F8004EC2D1 /* PokerModel */,
				1F0FB60F1E21B2F2004EC2D1 /* Deck.h */,
				1F0FB6101E21B2F2004EC2D1 /* Deck.m */,
				1F0FB6111E21B2F2004EC2D1 /* Hand.h */,
				1F0FB6121E21B2F2004EC2D1 /* Hand.m */,
				1F0FB60C1E21B224004EC2D1 /* Card.h */,
				1F0FB60D1E21B224004EC2D1 /* Card.m */,
				1F0FB61F1E21B405004EC2D1 /* Chip.h */,
				1F0FB6201E21B405004EC2D1 /* Chip.m */,
			);
			name = Model;
			sourceTree = "<group>";
		};
		1F0FB61E1E21B2F8004EC2D1 /* PokerModel */ = {
			isa = PBXGroup;
			children = (
				1F0FB6131E21B2F2004EC2D1 /* PokerHand.h */,
				1F0FB6141E21B2F2004EC2D1 /* PokerHand.m */,
				1F0FB6151E21B2F2004EC2D1 /* TexasHoldemDealer.h */,
				1F0FB6161E21B2F2004EC2D1 /* TexasHoldemDealer.m */,
				1F0FB6171E21B2F2004EC2D1 /* TexasHoldemPlayer.h */,
				1F0FB6181E21B2F2004EC2D1 /* TexasHoldemPlayer.m */,
				1F0FB6221E21B6B5004EC2D1 /* BetPot.h */,
				1F0FB6231E21B6B5004EC2D1 /* BetPot.m */,
			);
			name = PokerModel;
			sourceTree = "<group>";
		};
/* End PBXGroup section */

/* Begin PBXNativeTarget section */
		1F0FB5EE1E21AF60004EC2D1 /* OfflineGame */ = {
			isa = PBXNativeTarget;
			buildConfigurationList = 1F0FB6061E21AF60004EC2D1 /* Build configuration list for PBXNativeTarget "OfflineGame" */;
			buildPhases = (
				1F0FB5EB1E21AF60004EC2D1 /* Sources */,
				1F0FB5EC1E21AF60004EC2D1 /* Frameworks */,
				1F0FB5ED1E21AF60004EC2D1 /* Resources */,
			);
			buildRules = (
			);
			dependencies = (
			);
			name = OfflineGame;
			productName = OfflineGame;
			productReference = 1F0FB5EF1E21AF60004EC2D1 /* OfflineGame.app */;
			productType = "com.apple.product-type.application";
		};
/* End PBXNativeTarget section */

/* Begin PBXProject section */
		1F0FB5E71E21AF60004EC2D1 /* Project object */ = {
			isa = PBXProject;
			attributes = {
				LastUpgradeCheck = 0730;
				ORGANIZATIONNAME = "Open Source";
				TargetAttributes = {
					1F0FB5EE1E21AF60004EC2D1 = {
						CreatedOnToolsVersion = 7.3.1;
						DevelopmentTeam = V556PY2K94;
					};
				};
			};
			buildConfigurationList = 1F0FB5EA1E21AF60004EC2D1 /* Build configuration list for PBXProject "OfflineGame" */;
			compatibilityVersion = "Xcode 3.2";
			developmentRegion = English;
			hasScannedForEncodings = 0;
			knownRegions = (
				en,
				Base,
			);
			mainGroup = 1F0FB5E61E21AF60004EC2D1;
			productRefGroup = 1F0FB5F01E21AF60004EC2D1 /* Products */;
			projectDirPath = "";
			projectRoot = "";
			targets = (
				1F0FB5EE1E21AF60004EC2D1 /* OfflineGame */,
			);
		};
/* End PBXProject section */

/* Begin PBXResourcesBuildPhase section */
		1F0FB5ED1E21AF60004EC2D1 /* Resources */ = {
			isa = PBXResourcesBuildPhase;
			buildActionMask = 2147483647;
			files = (
				1F0FB6021E21AF60004EC2D1 /* LaunchScreen.storyboard in Resources */,
				1F0FB5FF1E21AF60004EC2D1 /* Assets.xcassets in Resources */,
				1F0FB5FD1E21AF60004EC2D1 /* Main.storyboard in Resources */,
			);
			runOnlyForDeploymentPostprocessing = 0;
		};
/* End PBXResourcesBuildPhase section */

/* Begin PBXSourcesBuildPhase section */
		1F0FB5EB1E21AF60004EC2D1 /* Sources */ = {
			isa = PBXSourcesBuildPhase;
			buildActionMask = 2147483647;
			files = (
				1F0FB61A1E21B2F2004EC2D1 /* Hand.m in Sources */,
				1F0FB61C1E21B2F2004EC2D1 /* TexasHoldemDealer.m in Sources */,
				1F0FB6191E21B2F2004EC2D1 /* Deck.m in Sources */,
				1F0FB6271E21C9EC004EC2D1 /* TheGame.m in Sources */,
				1F0FB5FA1E21AF60004EC2D1 /* ViewController.m in Sources */,
				1F0FB61B1E21B2F2004EC2D1 /* PokerHand.m in Sources */,
				1F0FB6211E21B405004EC2D1 /* Chip.m in Sources */,
				1F0FB61D1E21B2F2004EC2D1 /* TexasHoldemPlayer.m in Sources */,
				1F0FB5F71E21AF60004EC2D1 /* AppDelegate.m in Sources */,
				1F0FB6241E21B6B5004EC2D1 /* BetPot.m in Sources */,
				1F0FB5F41E21AF60004EC2D1 /* main.m in Sources */,
				1F0FB60E1E21B224004EC2D1 /* Card.m in Sources */,
			);
			runOnlyForDeploymentPostprocessing = 0;
		};
/* End PBXSourcesBuildPhase section */

/* Begin PBXVariantGroup section */
		1F0FB5FB1E21AF60004EC2D1 /* Main.storyboard */ = {
			isa = PBXVariantGroup;
			children = (
				1F0FB5FC1E21AF60004EC2D1 /* Base */,
			);
			name = Main.storyboard;
			sourceTree = "<group>";
		};
		1F0FB6001E21AF60004EC2D1 /* LaunchScreen.storyboard */ = {
			isa = PBXVariantGroup;
			children = (
				1F0FB6011E21AF60004EC2D1 /* Base */,
			);
			name = LaunchScreen.storyboard;
			sourceTree = "<group>";
		};
/* End PBXVariantGroup section */

/* Begin XCBuildConfiguration section */
		1F0FB6041E21AF60004EC2D1 /* Debug */ = {
			isa = XCBuildConfiguration;
			buildSettings = {
				ALWAYS_SEARCH_USER_PATHS = NO;
				CLANG_ANALYZER_NONNULL = YES;
				CLANG_CXX_LANGUAGE_STANDARD = "gnu++0x";
				CLANG_CXX_LIBRARY = "libc++";
				CLANG_ENABLE_MODULES = YES;
				CLANG_ENABLE_OBJC_ARC = YES;
				CLANG_WARN_BOOL_CONVERSION = YES;
				CLANG_WARN_CONSTANT_CONVERSION = YES;
				CLANG_WARN_DIRECT_OBJC_ISA_USAGE = YES_ERROR;
				CLANG_WARN_EMPTY_BODY = YES;
				CLANG_WARN_ENUM_CONVERSION = YES;
				CLANG_WARN_INT_CONVERSION = YES;
				CLANG_WARN_OBJC_ROOT_CLASS = YES_ERROR;
				CLANG_WARN_UNREACHABLE_CODE = YES;
				CLANG_WARN__DUPLICATE_METHOD_MATCH = YES;
				"CODE_SIGN_IDENTITY[sdk=iphoneos*]" = "iPhone Developer";
				COPY_PHASE_STRIP = NO;
				DEBUG_INFORMATION_FORMAT = dwarf;
				ENABLE_STRICT_OBJC_MSGSEND = YES;
				ENABLE_TESTABILITY = YES;
				GCC_C_LANGUAGE_STANDARD = gnu99;
				GCC_DYNAMIC_NO_PIC = NO;
				GCC_NO_COMMON_BLOCKS = YES;
				GCC_OPTIMIZATION_LEVEL = 0;
				GCC_PREPROCESSOR_DEFINITIONS = (
					"DEBUG=1",
					"$(inherited)",
				);
				GCC_WARN_64_TO_32_BIT_CONVERSION = YES;
				GCC_WARN_ABOUT_RETURN_TYPE = YES_ERROR;
				GCC_WARN_UNDECLARED_SELECTOR = YES;
				GCC_WARN_UNINITIALIZED_AUTOS = YES_AGGRESSIVE;
				GCC_WARN_UNUSED_FUNCTION = YES;
				GCC_WARN_UNUSED_VARIABLE = YES;
				IPHONEOS_DEPLOYMENT_TARGET = 9.3;
				MTL_ENABLE_DEBUG_INFO = YES;
				ONLY_ACTIVE_ARCH = YES;
				SDKROOT = iphoneos;
				TARGETED_DEVICE_FAMILY = "1,2";
			};
			name = Debug;
		};
		1F0FB6051E21AF60004EC2D1 /* Release */ = {
			isa = XCBuildConfiguration;
			buildSettings = {
				ALWAYS_SEARCH_USER_PATHS = NO;
				CLANG_ANALYZER_NONNULL = YES;
				CLANG_CXX_LANGUAGE_STANDARD = "gnu++0x";
				CLANG_CXX_LIBRARY = "libc++";
				CLANG_ENABLE_MODULES = YES;
				CLANG_ENABLE_OBJC_ARC = YES;
				CLANG_WARN_BOOL_CONVERSION = YES;
				CLANG_WARN_CONSTANT_CONVERSION = YES;
				CLANG_WARN_DIRECT_OBJC_ISA_USAGE = YES_ERROR;
				CLANG_WARN_EMPTY_BODY = YES;
				CLANG_WARN_ENUM_CONVERSION = YES;
				CLANG_WARN_INT_CONVERSION = YES;
				CLANG_WARN_OBJC_ROOT_CLASS = YES_ERROR;
				CLANG_WARN_UNREACHABLE_CODE = YES;
				CLANG_WARN__DUPLICATE_METHOD_MATCH = YES;
				"CODE_SIGN_IDENTITY[sdk=iphoneos*]" = "iPhone Developer";
				COPY_PHASE_STRIP = NO;
				DEBUG_INFORMATION_FORMAT = "dwarf-with-dsym";
				ENABLE_NS_ASSERTIONS = NO;
				ENABLE_STRICT_OBJC_MSGSEND = YES;
				GCC_C_LANGUAGE_STANDARD = gnu99;
				GCC_NO_COMMON_BLOCKS = YES;
				GCC_WARN_64_TO_32_BIT_CONVERSION = YES;
				GCC_WARN_ABOUT_RETURN_TYPE = YES_ERROR;
				GCC_WARN_UNDECLARED_SELECTOR = YES;
				GCC_WARN_UNINITIALIZED_AUTOS = YES_AGGRESSIVE;
				GCC_WARN_UNUSED_FUNCTION = YES;
				GCC_WARN_UNUSED_VARIABLE = YES;
				IPHONEOS_DEPLOYMENT_TARGET = 9.3;
				MTL_ENABLE_DEBUG_INFO = NO;
				SDKROOT = iphoneos;
				TARGETED_DEVICE_FAMILY = "1,2";
				VALIDATE_PRODUCT = YES;
			};
			name = Release;
		};
		1F0FB6071E21AF60004EC2D1 /* Debug */ = {
			isa = XCBuildConfiguration;
			buildSettings = {
				ASSETCATALOG_COMPILER_APPICON_NAME = AppIcon;
				CODE_SIGN_IDENTITY = "iPhone Developer";
				INFOPLIST_FILE = OfflineGame/Info.plist;
				LD_RUNPATH_SEARCH_PATHS = "$(inherited) @executable_path/Frameworks";
				PRODUCT_BUNDLE_IDENTIFIER = com.open.OfflineGame;
				PRODUCT_NAME = "$(TARGET_NAME)";
			};
			name = Debug;
		};
		1F0FB6081E21AF60004EC2D1 /* Release */ = {
			isa = XCBuildConfiguration;
			buildSettings = {
				ASSETCATALOG_COMPILER_APPICON_NAME = AppIcon;
				CODE_SIGN_IDENTITY = "iPhone Developer";
				INFOPLIST_FILE = OfflineGame/Info.plist;
				LD_RUNPATH_SEARCH_PATHS = "$(inherited) @executable_path/Frameworks";
				PRODUCT_BUNDLE_IDENTIFIER = com.open.OfflineGame;
				PRODUCT_NAME = "$(TARGET_NAME)";
			};
			name = Release;
		};
/* End XCBuildConfiguration section */

/* Begin XCConfigurationList section */
		1F0FB5EA1E21AF60004EC2D1 /* Build configuration list for PBXProject "OfflineGame" */ = {
			isa = XCConfigurationList;
			buildConfigurations = (
				1F0FB6041E21AF60004EC2D1 /* Debug */,
				1F0FB6051E21AF60004EC2D1 /* Release */,
			);
			defaultConfigurationIsVisible = 0;
			defaultConfigurationName = Release;
		};
		1F0FB6061E21AF60004EC2D1 /* Build configuration list for PBXNativeTarget "OfflineGame" */ = {
			isa = XCConfigurationList;
			buildConfigurations = (
				1F0FB6071E21AF60004EC2D1 /* Debug */,
				1F0FB6081E21AF60004EC2D1 /* Release */,
			);
			defaultConfigurationIsVisible = 0;
		};
/* End XCConfigurationList section */
	};
	rootObject = 1F0FB5E71E21AF60004EC2D1 /* Project object */;
}
